
Microsoft Visual Studio Solution File, Format Version 12.00
# Visual Studio Version 17
VisualStudioVersion = 17.11.35303.130
MinimumVisualStudioVersion = 10.0.40219.1
Project("{FAE04EC0-301F-11D3-BF4B-00C04F79EFBC}") = "GrammarParser", "GrammarParser\GrammarParser.csproj", "{BEE0C477-44DA-445C-9B97-17C2FF68C414}"
EndProject
Global
	GlobalSection(SolutionConfigurationPlatforms) = preSolution
		Debug|Any CPU = Debug|Any CPU
		Release|Any CPU = Release|Any CPU
	EndGlobalSection
	GlobalSection(ProjectConfigurationPlatforms) = postSolution
		{BEE0C477-44DA-445C-9B97-17C2FF68C414}.Debug|Any CPU.ActiveCfg = Debug|Any CPU
		{BEE0C477-44DA-445C-9B97-17C2FF68C414}.Debug|Any CPU.Build.0 = Debug|Any CPU
		{BEE0C477-44DA-445C-9B97-17C2FF68C414}.Release|Any CPU.ActiveCfg = Release|Any CPU
		{BEE0C477-44DA-445C-9B97-17C2FF68C414}.Release|Any CPU.Build.0 = Release|Any CPU
	EndGlobalSection
	GlobalSection(SolutionProperties) = preSolution
		HideSolutionNode = FALSE
	EndGlobalSection
	GlobalSection(ExtensibilityGlobals) = postSolution
		SolutionGuid = {89F63625-6E18-42C5-97FD-CF3B8B597826}
	EndGlobalSection
EndGlobal
